
Microsoft Visual Studio Solution File, Format Version 12.00
# Visual Studio Version 16
VisualStudioVersion = 16.0.31424.327
MinimumVisualStudioVersion = 10.0.40219.1
Project("{FAE04EC0-301F-11D3-BF4B-00C04F79EFBC}") = "EBSOzelTasarim", "EBSOzelTasarim\EBSOzelTasarim.csproj", "{5387FA14-09E2-49CE-9308-706819436A9D}"
EndProject
Global
	GlobalSection(SolutionConfigurationPlatforms) = preSolution
		Debug|Any CPU = Debug|Any CPU
		Release|Any CPU = Release|Any CPU
	EndGlobalSection
	GlobalSection(ProjectConfigurationPlatforms) = postSolution
		{5387FA14-09E2-49CE-9308-706819436A9D}.Debug|Any CPU.ActiveCfg = Debug|Any CPU
		{5387FA14-09E2-49CE-9308-706819436A9D}.Debug|Any CPU.Build.0 = Debug|Any CPU
		{5387FA14-09E2-49CE-9308-706819436A9D}.Release|Any CPU.ActiveCfg = Release|Any CPU
		{5387FA14-09E2-49CE-9308-706819436A9D}.Release|Any CPU.Build.0 = Release|Any CPU
	EndGlobalSection
	GlobalSection(SolutionProperties) = preSolution
		HideSolutionNode = FALSE
	EndGlobalSection
	GlobalSection(ExtensibilityGlobals) = postSolution
		SolutionGuid = {D74C1B0E-EC1A-4C15-9248-5A3757F1CBAC}
	EndGlobalSection
EndGlobal
